
Microsoft Visual Studio Solution File, Format Version 12.00
# Visual Studio 15
Project("{FAE04EC0-301F-11D3-BF4B-00C04F79EFBC}") = "Assembly-CSharp", "Assembly-CSharp.csproj", "{510D58C4-5BAE-42F1-B663-EED86A647FAE}"
EndProject
Project("{FAE04EC0-301F-11D3-BF4B-00C04F79EFBC}") = "Assembly-CSharp-Editor", "Assembly-CSharp-Editor.csproj", "{84B44841-C87B-EA56-9DFD-CDB0449C101C}"
EndProject
Global
	GlobalSection(SolutionConfigurationPlatforms) = preSolution
		Debug|Any CPU = Debug|Any CPU
		Release|Any CPU = Release|Any CPU
	EndGlobalSection
	GlobalSection(ProjectConfigurationPlatforms) = postSolution
		{510D58C4-5BAE-42F1-B663-EED86A647FAE}.Debug|Any CPU.ActiveCfg = Debug|Any CPU
		{510D58C4-5BAE-42F1-B663-EED86A647FAE}.Debug|Any CPU.Build.0 = Debug|Any CPU
		{510D58C4-5BAE-42F1-B663-EED86A647FAE}.Release|Any CPU.ActiveCfg = Release|Any CPU
		{510D58C4-5BAE-42F1-B663-EED86A647FAE}.Release|Any CPU.Build.0 = Release|Any CPU
		{84B44841-C87B-EA56-9DFD-CDB0449C101C}.Debug|Any CPU.ActiveCfg = Debug|Any CPU
		{84B44841-C87B-EA56-9DFD-CDB0449C101C}.Debug|Any CPU.Build.0 = Debug|Any CPU
		{84B44841-C87B-EA56-9DFD-CDB0449C101C}.Release|Any CPU.ActiveCfg = Release|Any CPU
		{84B44841-C87B-EA56-9DFD-CDB0449C101C}.Release|Any CPU.Build.0 = Release|Any CPU
	EndGlobalSection
	GlobalSection(SolutionProperties) = preSolution
		HideSolutionNode = FALSE
	EndGlobalSection
EndGlobal
